
Microsoft Visual Studio Solution File, Format Version 12.00
# Visual Studio Version 16
VisualStudioVersion = 16.0.810.25
MinimumVisualStudioVersion = 10.0.40219.1
Project("{FAE04EC0-301F-11D3-BF4B-00C04F79EFBC}") = "Bibcam.Decoder", "Bibcam.Decoder.csproj", "{6DD36712-2FB8-663C-75C6-41A61119EAF6}"
EndProject
Global
	GlobalSection(SolutionConfigurationPlatforms) = preSolution
		Debug|Any CPU = Debug|Any CPU
		Release|Any CPU = Release|Any CPU
	EndGlobalSection
	GlobalSection(ProjectConfigurationPlatforms) = postSolution
		{6DD36712-2FB8-663C-75C6-41A61119EAF6}.Debug|Any CPU.ActiveCfg = Debug|Any CPU
		{6DD36712-2FB8-663C-75C6-41A61119EAF6}.Debug|Any CPU.Build.0 = Debug|Any CPU
		{6DD36712-2FB8-663C-75C6-41A61119EAF6}.Release|Any CPU.ActiveCfg = Release|Any CPU
		{6DD36712-2FB8-663C-75C6-41A61119EAF6}.Release|Any CPU.Build.0 = Release|Any CPU
	EndGlobalSection
	GlobalSection(SolutionProperties) = preSolution
		HideSolutionNode = FALSE
	EndGlobalSection
	GlobalSection(ExtensibilityGlobals) = postSolution
		SolutionGuid = {B13D3901-C2F2-46C5-ABFB-E98B549A3DD7}
	EndGlobalSection
EndGlobal
